
Microsoft Visual Studio Solution File, Format Version 12.00
# Visual Studio Version 17
VisualStudioVersion = 17.3.32901.215
MinimumVisualStudioVersion = 10.0.40219.1
Project("{FAE04EC0-301F-11D3-BF4B-00C04F79EFBC}") = "Apteryx.Routing.Role.Authority.RDS", "Apteryx.Routing.Role.Authority.RDS\Apteryx.Routing.Role.Authority.RDS.csproj", "{9E82260C-C963-49D6-A15B-C7768A9EC05F}"
EndProject
Project("{FAE04EC0-301F-11D3-BF4B-00C04F79EFBC}") = "Apteryx.WebApi", "Samples\Apteryx.WebApi\Apteryx.WebApi.csproj", "{3160E82E-8F0A-4D66-91CE-CEF825830CA7}"
EndProject
Project("{2150E333-8FDC-42A3-9474-1A3956D46DE8}") = "Samples", "Samples", "{EB5FA9AB-832D-40D2-AF26-B583D64D0A76}"
EndProject
Global
	GlobalSection(SolutionConfigurationPlatforms) = preSolution
		Debug|Any CPU = Debug|Any CPU
		Release|Any CPU = Release|Any CPU
	EndGlobalSection
	GlobalSection(ProjectConfigurationPlatforms) = postSolution
		{9E82260C-C963-49D6-A15B-C7768A9EC05F}.Debug|Any CPU.ActiveCfg = Debug|Any CPU
		{9E82260C-C963-49D6-A15B-C7768A9EC05F}.Debug|Any CPU.Build.0 = Debug|Any CPU
		{9E82260C-C963-49D6-A15B-C7768A9EC05F}.Release|Any CPU.ActiveCfg = Release|Any CPU
		{9E82260C-C963-49D6-A15B-C7768A9EC05F}.Release|Any CPU.Build.0 = Release|Any CPU
		{3160E82E-8F0A-4D66-91CE-CEF825830CA7}.Debug|Any CPU.ActiveCfg = Debug|Any CPU
		{3160E82E-8F0A-4D66-91CE-CEF825830CA7}.Debug|Any CPU.Build.0 = Debug|Any CPU
		{3160E82E-8F0A-4D66-91CE-CEF825830CA7}.Release|Any CPU.ActiveCfg = Release|Any CPU
		{3160E82E-8F0A-4D66-91CE-CEF825830CA7}.Release|Any CPU.Build.0 = Release|Any CPU
	EndGlobalSection
	GlobalSection(SolutionProperties) = preSolution
		HideSolutionNode = FALSE
	EndGlobalSection
	GlobalSection(NestedProjects) = preSolution
		{3160E82E-8F0A-4D66-91CE-CEF825830CA7} = {EB5FA9AB-832D-40D2-AF26-B583D64D0A76}
	EndGlobalSection
	GlobalSection(ExtensibilityGlobals) = postSolution
		SolutionGuid = {1291EB5C-79DC-4C4B-B9D3-5D25B90DB973}
	EndGlobalSection
EndGlobal
